
Microsoft Visual Studio Solution File, Format Version 12.00
# Visual Studio Version 17
VisualStudioVersion = 17.3.32929.385
MinimumVisualStudioVersion = 10.0.40219.1
Project("{9A19103F-16F7-4668-BE54-9A1E7A4F7556}") = "StockMarket.SymbolService", "StockMarket.SymbolService\StockMarket.SymbolService.csproj", "{DBCD6FAA-E447-4CBB-91F9-EE19D9D3AB93}"
EndProject
Project("{9A19103F-16F7-4668-BE54-9A1E7A4F7556}") = "StockMarket.Common", "StockMarket.Common\StockMarket.Common.csproj", "{F6693495-8B29-4F1A-A1B6-13B7C5EECE71}"
EndProject
Project("{9A19103F-16F7-4668-BE54-9A1E7A4F7556}") = "StockMarket.API", "StockMarket.API\StockMarket.API.csproj", "{5310F60A-3EC5-4E49-BF4A-6A2B0B36BB1A}"
EndProject
Project("{FAE04EC0-301F-11D3-BF4B-00C04F79EFBC}") = "StockMarket.UI", "StockMarket.UI\StockMarket.UI.csproj", "{46D1D3C5-7136-469A-BC45-660BC098C3B8}"
EndProject
Global
	GlobalSection(SolutionConfigurationPlatforms) = preSolution
		Debug|Any CPU = Debug|Any CPU
		Release|Any CPU = Release|Any CPU
	EndGlobalSection
	GlobalSection(ProjectConfigurationPlatforms) = postSolution
		{DBCD6FAA-E447-4CBB-91F9-EE19D9D3AB93}.Debug|Any CPU.ActiveCfg = Debug|Any CPU
		{DBCD6FAA-E447-4CBB-91F9-EE19D9D3AB93}.Debug|Any CPU.Build.0 = Debug|Any CPU
		{DBCD6FAA-E447-4CBB-91F9-EE19D9D3AB93}.Release|Any CPU.ActiveCfg = Release|Any CPU
		{DBCD6FAA-E447-4CBB-91F9-EE19D9D3AB93}.Release|Any CPU.Build.0 = Release|Any CPU
		{F6693495-8B29-4F1A-A1B6-13B7C5EECE71}.Debug|Any CPU.ActiveCfg = Debug|Any CPU
		{F6693495-8B29-4F1A-A1B6-13B7C5EECE71}.Debug|Any CPU.Build.0 = Debug|Any CPU
		{F6693495-8B29-4F1A-A1B6-13B7C5EECE71}.Release|Any CPU.ActiveCfg = Release|Any CPU
		{F6693495-8B29-4F1A-A1B6-13B7C5EECE71}.Release|Any CPU.Build.0 = Release|Any CPU
		{5310F60A-3EC5-4E49-BF4A-6A2B0B36BB1A}.Debug|Any CPU.ActiveCfg = Debug|Any CPU
		{5310F60A-3EC5-4E49-BF4A-6A2B0B36BB1A}.Debug|Any CPU.Build.0 = Debug|Any CPU
		{5310F60A-3EC5-4E49-BF4A-6A2B0B36BB1A}.Release|Any CPU.ActiveCfg = Release|Any CPU
		{5310F60A-3EC5-4E49-BF4A-6A2B0B36BB1A}.Release|Any CPU.Build.0 = Release|Any CPU
		{46D1D3C5-7136-469A-BC45-660BC098C3B8}.Debug|Any CPU.ActiveCfg = Debug|Any CPU
		{46D1D3C5-7136-469A-BC45-660BC098C3B8}.Debug|Any CPU.Build.0 = Debug|Any CPU
		{46D1D3C5-7136-469A-BC45-660BC098C3B8}.Release|Any CPU.ActiveCfg = Release|Any CPU
		{46D1D3C5-7136-469A-BC45-660BC098C3B8}.Release|Any CPU.Build.0 = Release|Any CPU
	EndGlobalSection
	GlobalSection(SolutionProperties) = preSolution
		HideSolutionNode = FALSE
	EndGlobalSection
	GlobalSection(ExtensibilityGlobals) = postSolution
		SolutionGuid = {7F603910-8210-46F0-9BAD-3D67ACB26A7E}
	EndGlobalSection
EndGlobal
